
Microsoft Visual Studio Solution File, Format Version 12.00
# Visual Studio Version 17
VisualStudioVersion = 17.9.34622.214
MinimumVisualStudioVersion = 10.0.40219.1
Project("{FAE04EC0-301F-11D3-BF4B-00C04F79EFBC}") = "MWH", "MWH\MWH.csproj", "{B3D1ECD9-8879-4971-98F5-249F439B8D9C}"
EndProject
Global
	GlobalSection(SolutionConfigurationPlatforms) = preSolution
		Debug|Any CPU = Debug|Any CPU
		Release|Any CPU = Release|Any CPU
	EndGlobalSection
	GlobalSection(ProjectConfigurationPlatforms) = postSolution
		{B3D1ECD9-8879-4971-98F5-249F439B8D9C}.Debug|Any CPU.ActiveCfg = Debug|Any CPU
		{B3D1ECD9-8879-4971-98F5-249F439B8D9C}.Debug|Any CPU.Build.0 = Debug|Any CPU
		{B3D1ECD9-8879-4971-98F5-249F439B8D9C}.Release|Any CPU.ActiveCfg = Release|Any CPU
		{B3D1ECD9-8879-4971-98F5-249F439B8D9C}.Release|Any CPU.Build.0 = Release|Any CPU
	EndGlobalSection
	GlobalSection(SolutionProperties) = preSolution
		HideSolutionNode = FALSE
	EndGlobalSection
	GlobalSection(ExtensibilityGlobals) = postSolution
		SolutionGuid = {8EB73A9C-F4DA-4451-A0AD-D1A388F2AD08}
	EndGlobalSection
EndGlobal
